
Microsoft Visual Studio Solution File, Format Version 12.00
# Visual Studio Version 17
VisualStudioVersion = 17.7.34003.232
MinimumVisualStudioVersion = 10.0.40219.1
Project("{FAE04EC0-301F-11D3-BF4B-00C04F79EFBC}") = "ActionLogger", "ActionLogger\ActionLogger.csproj", "{FCE25543-0223-4B78-AC7A-68A7E9B922B4}"
EndProject
Global
	GlobalSection(SolutionConfigurationPlatforms) = preSolution
		Debug|Any CPU = Debug|Any CPU
		Release|Any CPU = Release|Any CPU
	EndGlobalSection
	GlobalSection(ProjectConfigurationPlatforms) = postSolution
		{FCE25543-0223-4B78-AC7A-68A7E9B922B4}.Debug|Any CPU.ActiveCfg = Debug|Any CPU
		{FCE25543-0223-4B78-AC7A-68A7E9B922B4}.Debug|Any CPU.Build.0 = Debug|Any CPU
		{FCE25543-0223-4B78-AC7A-68A7E9B922B4}.Release|Any CPU.ActiveCfg = Release|Any CPU
		{FCE25543-0223-4B78-AC7A-68A7E9B922B4}.Release|Any CPU.Build.0 = Release|Any CPU
	EndGlobalSection
	GlobalSection(SolutionProperties) = preSolution
		HideSolutionNode = FALSE
	EndGlobalSection
	GlobalSection(ExtensibilityGlobals) = postSolution
		SolutionGuid = {6934B470-FFB6-4E69-82FA-4092589F115E}
	EndGlobalSection
EndGlobal
